// !$*UTF8*$!
{
	archiveVersion = 1;
	classes = {
	};
	objectVersion = 50;
	objects = {

/* Begin PBXBuildFile section */
		4C6416BF2156FDDD00666091 /* AppDelegate.swift in Sources */ = {isa = PBXBuildFile; fileRef = 4C6416BE2156FDDD00666091 /* AppDelegate.swift */; };
		4C6416C12156FDDD00666091 /* ViewController.swift in Sources */ = {isa = PBXBuildFile; fileRef = 4C6416C02156FDDD00666091 /* ViewController.swift */; };
		4C6416C42156FDDD00666091 /* Main.storyboard in Resources */ = {isa = PBXBuildFile; fileRef = 4C6416C22156FDDD00666091 /* Main.storyboard */; };
		4C6416C62156FDE000666091 /* Assets.xcassets in Resources */ = {isa = PBXBuildFile; fileRef = 4C6416C52156FDE000666091 /* Assets.xcassets */; };
		4C6416C92156FDE000666091 /* LaunchScreen.storyboard in Resources */ = {isa = PBXBuildFile; fileRef = 4C6416C72156FDE000666091 /* LaunchScreen.storyboard */; };
		4C6416D42156FDE100666091 /* DNATests.swift in Sources */ = {isa = PBXBuildFile; fileRef = 4C6416D32156FDE100666091 /* DNATests.swift */; };
		4C6416DF2156FDE100666091 /* DNAUITests.swift in Sources */ = {isa = PBXBuildFile; fileRef = 4C6416DE2156FDE100666091 /* DNAUITests.swift */; };
		4C6416EE2156FE7000666091 /* Up.swift in Sources */ = {isa = PBXBuildFile; fileRef = 4C6416ED2156FE7000666091 /* Up.swift */; };
		4C6416F02156FE9600666091 /* Down.swift in Sources */ = {isa = PBXBuildFile; fileRef = 4C6416EF2156FE9600666091 /* Down.swift */; };
		4C6416F22156FEDA00666091 /* Proton.swift in Sources */ = {isa = PBXBuildFile; fileRef = 4C6416F12156FEDA00666091 /* Proton.swift */; };
		4C6416F42156FF8D00666091 /* Quark.swift in Sources */ = {isa = PBXBuildFile; fileRef = 4C6416F32156FF8D00666091 /* Quark.swift */; };
		4C6416F82157009C00666091 /* Neutron.swift in Sources */ = {isa = PBXBuildFile; fileRef = 4C6416F72157009C00666091 /* Neutron.swift */; };
		4C6416FA2157011F00666091 /* Electron.swift in Sources */ = {isa = PBXBuildFile; fileRef = 4C6416F92157011F00666091 /* Electron.swift */; };
		4C6416FD2157019A00666091 /* Lepton.swift in Sources */ = {isa = PBXBuildFile; fileRef = 4C6416FC2157019A00666091 /* Lepton.swift */; };
		4C641701215702B300666091 /* Hydrogen.swift in Sources */ = {isa = PBXBuildFile; fileRef = 4C641700215702B300666091 /* Hydrogen.swift */; };
		4C641703215703D100666091 /* Atom.swift in Sources */ = {isa = PBXBuildFile; fileRef = 4C641702215703D100666091 /* Atom.swift */; };
		4C6417062157066700666091 /* Carbon.swift in Sources */ = {isa = PBXBuildFile; fileRef = 4C6417052157066700666091 /* Carbon.swift */; };
		4C64170821570AEF00666091 /* Nitrogen.swift in Sources */ = {isa = PBXBuildFile; fileRef = 4C64170721570AEF00666091 /* Nitrogen.swift */; };
		4C64170A21570B3F00666091 /* Oxygen.swift in Sources */ = {isa = PBXBuildFile; fileRef = 4C64170921570B3F00666091 /* Oxygen.swift */; };
		4C64170E21570C4900666091 /* Cytosine.swift in Sources */ = {isa = PBXBuildFile; fileRef = 4C64170D21570C4900666091 /* Cytosine.swift */; };
		4CF7AD0A2157844F00C211F1 /* Bond.swift in Sources */ = {isa = PBXBuildFile; fileRef = 4CF7AD092157844F00C211F1 /* Bond.swift */; };
/* End PBXBuildFile section */

/* Begin PBXContainerItemProxy section */
		4C6416D02156FDE100666091 /* PBXContainerItemProxy */ = {
			isa = PBXContainerItemProxy;
			containerPortal = 4C6416B32156FDDD00666091 /* Project object */;
			proxyType = 1;
			remoteGlobalIDString = 4C6416BA2156FDDD00666091;
			remoteInfo = DNA;
		};
		4C6416DB2156FDE100666091 /* PBXContainerItemProxy */ = {
			isa = PBXContainerItemProxy;
			containerPortal = 4C6416B32156FDDD00666091 /* Project object */;
			proxyType = 1;
			remoteGlobalIDString = 4C6416BA2156FDDD00666091;
			remoteInfo = DNA;
		};
/* End PBXContainerItemProxy section */

/* Begin PBXFileReference section */
		4C6416BB2156FDDD00666091 /* DNA.app */ = {isa = PBXFileReference; explicitFileType = wrapper.application; includeInIndex = 0; path = DNA.app; sourceTree = BUILT_PRODUCTS_DIR; };
		4C6416BE2156FDDD00666091 /* AppDelegate.swift */ = {isa = PBXFileReference; lastKnownFileType = sourcecode.swift; path = AppDelegate.swift; sourceTree = "<group>"; };
		4C6416C02156FDDD00666091 /* ViewController.swift */ = {isa = PBXFileReference; lastKnownFileType = sourcecode.swift; path = ViewController.swift; sourceTree = "<group>"; };
		4C6416C32156FDDD00666091 /* Base */ = {isa = PBXFileReference; lastKnownFileType = file.storyboard; name = Base; path = Base.lproj/Main.storyboard; sourceTree = "<group>"; };
		4C6416C52156FDE000666091 /* Assets.xcassets */ = {isa = PBXFileReference; lastKnownFileType = folder.assetcatalog; path = Assets.xcassets; sourceTree = "<group>"; };
		4C6416C82156FDE000666091 /* Base */ = {isa = PBXFileReference; lastKnownFileType = file.storyboard; name = Base; path = Base.lproj/LaunchScreen.storyboard; sourceTree = "<group>"; };
		4C6416CA2156FDE000666091 /* Info.plist */ = {isa = PBXFileReference; lastKnownFileType = text.plist.xml; path = Info.plist; sourceTree = "<group>"; };
		4C6416CF2156FDE100666091 /* DNATests.xctest */ = {isa = PBXFileReference; explicitFileType = wrapper.cfbundle; includeInIndex = 0; path = DNATests.xctest; sourceTree = BUILT_PRODUCTS_DIR; };
		4C6416D32156FDE100666091 /* DNATests.swift */ = {isa = PBXFileReference; lastKnownFileType = sourcecode.swift; path = DNATests.swift; sourceTree = "<group>"; };
		4C6416D52156FDE100666091 /* Info.plist */ = {isa = PBXFileReference; lastKnownFileType = text.plist.xml; path = Info.plist; sourceTree = "<group>"; };
		4C6416DA2156FDE100666091 /* DNAUITests.xctest */ = {isa = PBXFileReference; explicitFileType = wrapper.cfbundle; includeInIndex = 0; path = DNAUITests.xctest; sourceTree = BUILT_PRODUCTS_DIR; };
		4C6416DE2156FDE100666091 /* DNAUITests.swift */ = {isa = PBXFileReference; lastKnownFileType = sourcecode.swift; path = DNAUITests.swift; sourceTree = "<group>"; };
		4C6416E02156FDE100666091 /* Info.plist */ = {isa = PBXFileReference; lastKnownFileType = text.plist.xml; path = Info.plist; sourceTree = "<group>"; };
		4C6416ED2156FE7000666091 /* Up.swift */ = {isa = PBXFileReference; lastKnownFileType = sourcecode.swift; path = Up.swift; sourceTree = "<group>"; };
		4C6416EF2156FE9600666091 /* Down.swift */ = {isa = PBXFileReference; lastKnownFileType = sourcecode.swift; path = Down.swift; sourceTree = "<group>"; };
		4C6416F12156FEDA00666091 /* Proton.swift */ = {isa = PBXFileReference; lastKnownFileType = sourcecode.swift; path = Proton.swift; sourceTree = "<group>"; };
		4C6416F32156FF8D00666091 /* Quark.swift */ = {isa = PBXFileReference; lastKnownFileType = sourcecode.swift; path = Quark.swift; sourceTree = "<group>"; };
		4C6416F72157009C00666091 /* Neutron.swift */ = {isa = PBXFileReference; lastKnownFileType = sourcecode.swift; path = Neutron.swift; sourceTree = "<group>"; };
		4C6416F92157011F00666091 /* Electron.swift */ = {isa = PBXFileReference; lastKnownFileType = sourcecode.swift; path = Electron.swift; sourceTree = "<group>"; };
		4C6416FC2157019A00666091 /* Lepton.swift */ = {isa = PBXFileReference; lastKnownFileType = sourcecode.swift; path = Lepton.swift; sourceTree = "<group>"; };
		4C641700215702B300666091 /* Hydrogen.swift */ = {isa = PBXFileReference; lastKnownFileType = sourcecode.swift; path = Hydrogen.swift; sourceTree = "<group>"; };
		4C641702215703D100666091 /* Atom.swift */ = {isa = PBXFileReference; lastKnownFileType = sourcecode.swift; path = Atom.swift; sourceTree = "<group>"; };
		4C6417052157066700666091 /* Carbon.swift */ = {isa = PBXFileReference; lastKnownFileType = sourcecode.swift; path = Carbon.swift; sourceTree = "<group>"; };
		4C64170721570AEF00666091 /* Nitrogen.swift */ = {isa = PBXFileReference; lastKnownFileType = sourcecode.swift; path = Nitrogen.swift; sourceTree = "<group>"; };
		4C64170921570B3F00666091 /* Oxygen.swift */ = {isa = PBXFileReference; lastKnownFileType = sourcecode.swift; path = Oxygen.swift; sourceTree = "<group>"; };
		4C64170D21570C4900666091 /* Cytosine.swift */ = {isa = PBXFileReference; lastKnownFileType = sourcecode.swift; path = Cytosine.swift; sourceTree = "<group>"; };
		4CF7AD092157844F00C211F1 /* Bond.swift */ = {isa = PBXFileReference; lastKnownFileType = sourcecode.swift; path = Bond.swift; sourceTree = "<group>"; };
/* End PBXFileReference section */

/* Begin PBXFrameworksBuildPhase section */
		4C6416B82156FDDD00666091 /* Frameworks */ = {
			isa = PBXFrameworksBuildPhase;
			buildActionMask = 2147483647;
			files = (
			);
			runOnlyForDeploymentPostprocessing = 0;
		};
		4C6416CC2156FDE100666091 /* Frameworks */ = {
			isa = PBXFrameworksBuildPhase;
			buildActionMask = 2147483647;
			files = (
			);
			runOnlyForDeploymentPostprocessing = 0;
		};
		4C6416D72156FDE100666091 /* Frameworks */ = {
			isa = PBXFrameworksBuildPhase;
			buildActionMask = 2147483647;
			files = (
			);
			runOnlyForDeploymentPostprocessing = 0;
		};
/* End PBXFrameworksBuildPhase section */

/* Begin PBXGroup section */
		4C6416B22156FDDD00666091 = {
			isa = PBXGroup;
			children = (
				4C6416BD2156FDDD00666091 /* DNA */,
				4C6416D22156FDE100666091 /* DNATests */,
				4C6416DD2156FDE100666091 /* DNAUITests */,
				4C6416BC2156FDDD00666091 /* Products */,
			);
			sourceTree = "<group>";
		};
		4C6416BC2156FDDD00666091 /* Products */ = {
			isa = PBXGroup;
			children = (
				4C6416BB2156FDDD00666091 /* DNA.app */,
				4C6416CF2156FDE100666091 /* DNATests.xctest */,
				4C6416DA2156FDE100666091 /* DNAUITests.xctest */,
			);
			name = Products;
			sourceTree = "<group>";
		};
		4C6416BD2156FDDD00666091 /* DNA */ = {
			isa = PBXGroup;
			children = (
				4C6416EC2156FE1000666091 /* Model */,
				4C6416BE2156FDDD00666091 /* AppDelegate.swift */,
				4C6416C02156FDDD00666091 /* ViewController.swift */,
				4C6416C22156FDDD00666091 /* Main.storyboard */,
				4C6416C52156FDE000666091 /* Assets.xcassets */,
				4C6416C72156FDE000666091 /* LaunchScreen.storyboard */,
				4C6416CA2156FDE000666091 /* Info.plist */,
			);
			path = DNA;
			sourceTree = "<group>";
		};
		4C6416D22156FDE100666091 /* DNATests */ = {
			isa = PBXGroup;
			children = (
				4C6416D32156FDE100666091 /* DNATests.swift */,
				4C6416D52156FDE100666091 /* Info.plist */,
			);
			path = DNATests;
			sourceTree = "<group>";
		};
		4C6416DD2156FDE100666091 /* DNAUITests */ = {
			isa = PBXGroup;
			children = (
				4C6416DE2156FDE100666091 /* DNAUITests.swift */,
				4C6416E02156FDE100666091 /* Info.plist */,
			);
			path = DNAUITests;
			sourceTree = "<group>";
		};
		4C6416EC2156FE1000666091 /* Model */ = {
			isa = PBXGroup;
			children = (
				4C64170B21570C1200666091 /* DNA */,
				4C6416FF2157022200666091 /* Chemisty */,
				4C6416FE2157020B00666091 /* Standard Model */,
			);
			path = Model;
			sourceTree = "<group>";
		};
		4C6416F52156FF9500666091 /* Quark */ = {
			isa = PBXGroup;
			children = (
				4C6416F32156FF8D00666091 /* Quark.swift */,
				4C6416ED2156FE7000666091 /* Up.swift */,
				4C6416EF2156FE9600666091 /* Down.swift */,
			);
			path = Quark;
			sourceTree = "<group>";
		};
		4C6416FB2157014400666091 /* Lepton */ = {
			isa = PBXGroup;
			children = (
				4C6416FC2157019A00666091 /* Lepton.swift */,
				4C6416F92157011F00666091 /* Electron.swift */,
			);
			path = Lepton;
			sourceTree = "<group>";
		};
		4C6416FE2157020B00666091 /* Standard Model */ = {
			isa = PBXGroup;
			children = (
				4C6416FB2157014400666091 /* Lepton */,
				4C6416F52156FF9500666091 /* Quark */,
				4C6416F12156FEDA00666091 /* Proton.swift */,
				4C6416F72157009C00666091 /* Neutron.swift */,
			);
			path = "Standard Model";
			sourceTree = "<group>";
		};
		4C6416FF2157022200666091 /* Chemisty */ = {
			isa = PBXGroup;
			children = (
				4C641702215703D100666091 /* Atom.swift */,
				4CF7AD092157844F00C211F1 /* Bond.swift */,
				4C641700215702B300666091 /* Hydrogen.swift */,
				4C6417052157066700666091 /* Carbon.swift */,
				4C64170721570AEF00666091 /* Nitrogen.swift */,
				4C64170921570B3F00666091 /* Oxygen.swift */,
			);
			path = Chemisty;
			sourceTree = "<group>";
		};
		4C64170B21570C1200666091 /* DNA */ = {
			isa = PBXGroup;
			children = (
				4C64170C21570C2F00666091 /* Nucleobases */,
			);
			path = DNA;
			sourceTree = "<group>";
		};
		4C64170C21570C2F00666091 /* Nucleobases */ = {
			isa = PBXGroup;
			children = (
				4C64170D21570C4900666091 /* Cytosine.swift */,
			);
			path = Nucleobases;
			sourceTree = "<group>";
		};
/* End PBXGroup section */

/* Begin PBXNativeTarget section */
		4C6416BA2156FDDD00666091 /* DNA */ = {
			isa = PBXNativeTarget;
			buildConfigurationList = 4C6416E32156FDE100666091 /* Build configuration list for PBXNativeTarget "DNA" */;
			buildPhases = (
				4C6416B72156FDDD00666091 /* Sources */,
				4C6416B82156FDDD00666091 /* Frameworks */,
				4C6416B92156FDDD00666091 /* Resources */,
			);
			buildRules = (
			);
			dependencies = (
			);
			name = DNA;
			productName = DNA;
			productReference = 4C6416BB2156FDDD00666091 /* DNA.app */;
			productType = "com.apple.product-type.application";
		};
		4C6416CE2156FDE100666091 /* DNATests */ = {
			isa = PBXNativeTarget;
			buildConfigurationList = 4C6416E62156FDE100666091 /* Build configuration list for PBXNativeTarget "DNATests" */;
			buildPhases = (
				4C6416CB2156FDE100666091 /* Sources */,
				4C6416CC2156FDE100666091 /* Frameworks */,
				4C6416CD2156FDE100666091 /* Resources */,
			);
			buildRules = (
			);
			dependencies = (
				4C6416D12156FDE100666091 /* PBXTargetDependency */,
			);
			name = DNATests;
			productName = DNATests;
			productReference = 4C6416CF2156FDE100666091 /* DNATests.xctest */;
			productType = "com.apple.product-type.bundle.unit-test";
		};
		4C6416D92156FDE100666091 /* DNAUITests */ = {
			isa = PBXNativeTarget;
			buildConfigurationList = 4C6416E92156FDE100666091 /* Build configuration list for PBXNativeTarget "DNAUITests" */;
			buildPhases = (
				4C6416D62156FDE100666091 /* Sources */,
				4C6416D72156FDE100666091 /* Frameworks */,
				4C6416D82156FDE100666091 /* Resources */,
			);
			buildRules = (
			);
			dependencies = (
				4C6416DC2156FDE100666091 /* PBXTargetDependency */,
			);
			name = DNAUITests;
			productName = DNAUITests;
			productReference = 4C6416DA2156FDE100666091 /* DNAUITests.xctest */;
			productType = "com.apple.product-type.bundle.ui-testing";
		};
/* End PBXNativeTarget section */

/* Begin PBXProject section */
		4C6416B32156FDDD00666091 /* Project object */ = {
			isa = PBXProject;
			attributes = {
				LastSwiftUpdateCheck = 1000;
				LastUpgradeCheck = 1000;
				ORGANIZATIONNAME = "Jan Bannister";
				TargetAttributes = {
					4C6416BA2156FDDD00666091 = {
						CreatedOnToolsVersion = 10.0;
					};
					4C6416CE2156FDE100666091 = {
						CreatedOnToolsVersion = 10.0;
						TestTargetID = 4C6416BA2156FDDD00666091;
					};
					4C6416D92156FDE100666091 = {
						CreatedOnToolsVersion = 10.0;
						TestTargetID = 4C6416BA2156FDDD00666091;
					};
				};
			};
			buildConfigurationList = 4C6416B62156FDDD00666091 /* Build configuration list for PBXProject "DNA" */;
			compatibilityVersion = "Xcode 9.3";
			developmentRegion = en;
			hasScannedForEncodings = 0;
			knownRegions = (
				en,
				Base,
			);
			mainGroup = 4C6416B22156FDDD00666091;
			productRefGroup = 4C6416BC2156FDDD00666091 /* Products */;
			projectDirPath = "";
			projectRoot = "";
			targets = (
				4C6416BA2156FDDD00666091 /* DNA */,
				4C6416CE2156FDE100666091 /* DNATests */,
				4C6416D92156FDE100666091 /* DNAUITests */,
			);
		};
/* End PBXProject section */

/* Begin PBXResourcesBuildPhase section */
		4C6416B92156FDDD00666091 /* Resources */ = {
			isa = PBXResourcesBuildPhase;
			buildActionMask = 2147483647;
			files = (
				4C6416C92156FDE000666091 /* LaunchScreen.storyboard in Resources */,
				4C6416C62156FDE000666091 /* Assets.xcassets in Resources */,
				4C6416C42156FDDD00666091 /* Main.storyboard in Resources */,
			);
			runOnlyForDeploymentPostprocessing = 0;
		};
		4C6416CD2156FDE100666091 /* Resources */ = {
			isa = PBXResourcesBuildPhase;
			buildActionMask = 2147483647;
			files = (
			);
			runOnlyForDeploymentPostprocessing = 0;
		};
		4C6416D82156FDE100666091 /* Resources */ = {
			isa = PBXResourcesBuildPhase;
			buildActionMask = 2147483647;
			files = (
			);
			runOnlyForDeploymentPostprocessing = 0;
		};
/* End PBXResourcesBuildPhase section */

/* Begin PBXSourcesBuildPhase section */
		4C6416B72156FDDD00666091 /* Sources */ = {
			isa = PBXSourcesBuildPhase;
			buildActionMask = 2147483647;
			files = (
				4C6416F42156FF8D00666091 /* Quark.swift in Sources */,
				4C6416C12156FDDD00666091 /* ViewController.swift in Sources */,
				4C64170821570AEF00666091 /* Nitrogen.swift in Sources */,
				4C6416F02156FE9600666091 /* Down.swift in Sources */,
				4C6416F82157009C00666091 /* Neutron.swift in Sources */,
				4C64170A21570B3F00666091 /* Oxygen.swift in Sources */,
				4C6416F22156FEDA00666091 /* Proton.swift in Sources */,
				4C641703215703D100666091 /* Atom.swift in Sources */,
				4CF7AD0A2157844F00C211F1 /* Bond.swift in Sources */,
				4C641701215702B300666091 /* Hydrogen.swift in Sources */,
				4C6416FA2157011F00666091 /* Electron.swift in Sources */,
				4C6417062157066700666091 /* Carbon.swift in Sources */,
				4C64170E21570C4900666091 /* Cytosine.swift in Sources */,
				4C6416FD2157019A00666091 /* Lepton.swift in Sources */,
				4C6416BF2156FDDD00666091 /* AppDelegate.swift in Sources */,
				4C6416EE2156FE7000666091 /* Up.swift in Sources */,
			);
			runOnlyForDeploymentPostprocessing = 0;
		};
		4C6416CB2156FDE100666091 /* Sources */ = {
			isa = PBXSourcesBuildPhase;
			buildActionMask = 2147483647;
			files = (
				4C6416D42156FDE100666091 /* DNATests.swift in Sources */,
			);
			runOnlyForDeploymentPostprocessing = 0;
		};
		4C6416D62156FDE100666091 /* Sources */ = {
			isa = PBXSourcesBuildPhase;
			buildActionMask = 2147483647;
			files = (
				4C6416DF2156FDE100666091 /* DNAUITests.swift in Sources */,
			);
			runOnlyForDeploymentPostprocessing = 0;
		};
/* End PBXSourcesBuildPhase section */

/* Begin PBXTargetDependency section */
		4C6416D12156FDE100666091 /* PBXTargetDependency */ = {
			isa = PBXTargetDependency;
			target = 4C6416BA2156FDDD00666091 /* DNA */;
			targetProxy = 4C6416D02156FDE100666091 /* PBXContainerItemProxy */;
		};
		4C6416DC2156FDE100666091 /* PBXTargetDependency */ = {
			isa = PBXTargetDependency;
			target = 4C6416BA2156FDDD00666091 /* DNA */;
			targetProxy = 4C6416DB2156FDE100666091 /* PBXContainerItemProxy */;
		};
/* End PBXTargetDependency section */

/* Begin PBXVariantGroup section */
		4C6416C22156FDDD00666091 /* Main.storyboard */ = {
			isa = PBXVariantGroup;
			children = (
				4C6416C32156FDDD00666091 /* Base */,
			);
			name = Main.storyboard;
			sourceTree = "<group>";
		};
		4C6416C72156FDE000666091 /* LaunchScreen.storyboard */ = {
			isa = PBXVariantGroup;
			children = (
				4C6416C82156FDE000666091 /* Base */,
			);
			name = LaunchScreen.storyboard;
			sourceTree = "<group>";
		};
/* End PBXVariantGroup section */

/* Begin XCBuildConfiguration section */
		4C6416E12156FDE100666091 /* Debug */ = {
			isa = XCBuildConfiguration;
			buildSettings = {
				ALWAYS_SEARCH_USER_PATHS = NO;
				CLANG_ANALYZER_NONNULL = YES;
				CLANG_ANALYZER_NUMBER_OBJECT_CONVERSION = YES_AGGRESSIVE;
				CLANG_CXX_LANGUAGE_STANDARD = "gnu++14";
				CLANG_CXX_LIBRARY = "libc++";
				CLANG_ENABLE_MODULES = YES;
				CLANG_ENABLE_OBJC_ARC = YES;
				CLANG_ENABLE_OBJC_WEAK = YES;
				CLANG_WARN_BLOCK_CAPTURE_AUTORELEASING = YES;
				CLANG_WARN_BOOL_CONVERSION = YES;
				CLANG_WARN_COMMA = YES;
				CLANG_WARN_CONSTANT_CONVERSION = YES;
				CLANG_WARN_DEPRECATED_OBJC_IMPLEMENTATIONS = YES;
				CLANG_WARN_DIRECT_OBJC_ISA_USAGE = YES_ERROR;
				CLANG_WARN_DOCUMENTATION_COMMENTS = YES;
				CLANG_WARN_EMPTY_BODY = YES;
				CLANG_WARN_ENUM_CONVERSION = YES;
				CLANG_WARN_INFINITE_RECURSION = YES;
				CLANG_WARN_INT_CONVERSION = YES;
				CLANG_WARN_NON_LITERAL_NULL_CONVERSION = YES;
				CLANG_WARN_OBJC_IMPLICIT_RETAIN_SELF = YES;
				CLANG_WARN_OBJC_LITERAL_CONVERSION = YES;
				CLANG_WARN_OBJC_ROOT_CLASS = YES_ERROR;
				CLANG_WARN_RANGE_LOOP_ANALYSIS = YES;
				CLANG_WARN_STRICT_PROTOTYPES = YES;
				CLANG_WARN_SUSPICIOUS_MOVE = YES;
				CLANG_WARN_UNGUARDED_AVAILABILITY = YES_AGGRESSIVE;
				CLANG_WARN_UNREACHABLE_CODE = YES;
				CLANG_WARN__DUPLICATE_METHOD_MATCH = YES;
				CODE_SIGN_IDENTITY = "iPhone Developer";
				COPY_PHASE_STRIP = NO;
				DEBUG_INFORMATION_FORMAT = dwarf;
				ENABLE_STRICT_OBJC_MSGSEND = YES;
				ENABLE_TESTABILITY = YES;
				GCC_C_LANGUAGE_STANDARD = gnu11;
				GCC_DYNAMIC_NO_PIC = NO;
				GCC_NO_COMMON_BLOCKS = YES;
				GCC_OPTIMIZATION_LEVEL = 0;
				GCC_PREPROCESSOR_DEFINITIONS = (
					"DEBUG=1",
					"$(inherited)",
				);
				GCC_WARN_64_TO_32_BIT_CONVERSION = YES;
				GCC_WARN_ABOUT_RETURN_TYPE = YES_ERROR;
				GCC_WARN_UNDECLARED_SELECTOR = YES;
				GCC_WARN_UNINITIALIZED_AUTOS = YES_AGGRESSIVE;
				GCC_WARN_UNUSED_FUNCTION = YES;
				GCC_WARN_UNUSED_VARIABLE = YES;
				IPHONEOS_DEPLOYMENT_TARGET = 12.0;
				MTL_ENABLE_DEBUG_INFO = INCLUDE_SOURCE;
				MTL_FAST_MATH = YES;
				ONLY_ACTIVE_ARCH = YES;
				SDKROOT = iphoneos;
				SWIFT_ACTIVE_COMPILATION_CONDITIONS = DEBUG;
				SWIFT_OPTIMIZATION_LEVEL = "-Onone";
			};
			name = Debug;
		};
		4C6416E22156FDE100666091 /* Release */ = {
			isa = XCBuildConfiguration;
			buildSettings = {
				ALWAYS_SEARCH_USER_PATHS = NO;
				CLANG_ANALYZER_NONNULL = YES;
				CLANG_ANALYZER_NUMBER_OBJECT_CONVERSION = YES_AGGRESSIVE;
				CLANG_CXX_LANGUAGE_STANDARD = "gnu++14";
				CLANG_CXX_LIBRARY = "libc++";
				CLANG_ENABLE_MODULES = YES;
				CLANG_ENABLE_OBJC_ARC = YES;
				CLANG_ENABLE_OBJC_WEAK = YES;
				CLANG_WARN_BLOCK_CAPTURE_AUTORELEASING = YES;
				CLANG_WARN_BOOL_CONVERSION = YES;
				CLANG_WARN_COMMA = YES;
				CLANG_WARN_CONSTANT_CONVERSION = YES;
				CLANG_WARN_DEPRECATED_OBJC_IMPLEMENTATIONS = YES;
				CLANG_WARN_DIRECT_OBJC_ISA_USAGE = YES_ERROR;
				CLANG_WARN_DOCUMENTATION_COMMENTS = YES;
				CLANG_WARN_EMPTY_BODY = YES;
				CLANG_WARN_ENUM_CONVERSION = YES;
				CLANG_WARN_INFINITE_RECURSION = YES;
				CLANG_WARN_INT_CONVERSION = YES;
				CLANG_WARN_NON_LITERAL_NULL_CONVERSION = YES;
				CLANG_WARN_OBJC_IMPLICIT_RETAIN_SELF = YES;
				CLANG_WARN_OBJC_LITERAL_CONVERSION = YES;
				CLANG_WARN_OBJC_ROOT_CLASS = YES_ERROR;
				CLANG_WARN_RANGE_LOOP_ANALYSIS = YES;
				CLANG_WARN_STRICT_PROTOTYPES = YES;
				CLANG_WARN_SUSPICIOUS_MOVE = YES;
				CLANG_WARN_UNGUARDED_AVAILABILITY = YES_AGGRESSIVE;
				CLANG_WARN_UNREACHABLE_CODE = YES;
				CLANG_WARN__DUPLICATE_METHOD_MATCH = YES;
				CODE_SIGN_IDENTITY = "iPhone Developer";
				COPY_PHASE_STRIP = NO;
				DEBUG_INFORMATION_FORMAT = "dwarf-with-dsym";
				ENABLE_NS_ASSERTIONS = NO;
				ENABLE_STRICT_OBJC_MSGSEND = YES;
				GCC_C_LANGUAGE_STANDARD = gnu11;
				GCC_NO_COMMON_BLOCKS = YES;
				GCC_WARN_64_TO_32_BIT_CONVERSION = YES;
				GCC_WARN_ABOUT_RETURN_TYPE = YES_ERROR;
				GCC_WARN_UNDECLARED_SELECTOR = YES;
				GCC_WARN_UNINITIALIZED_AUTOS = YES_AGGRESSIVE;
				GCC_WARN_UNUSED_FUNCTION = YES;
				GCC_WARN_UNUSED_VARIABLE = YES;
				IPHONEOS_DEPLOYMENT_TARGET = 12.0;
				MTL_ENABLE_DEBUG_INFO = NO;
				MTL_FAST_MATH = YES;
				SDKROOT = iphoneos;
				SWIFT_COMPILATION_MODE = wholemodule;
				SWIFT_OPTIMIZATION_LEVEL = "-O";
				VALIDATE_PRODUCT = YES;
			};
			name = Release;
		};
		4C6416E42156FDE100666091 /* Debug */ = {
			isa = XCBuildConfiguration;
			buildSettings = {
				ASSETCATALOG_COMPILER_APPICON_NAME = AppIcon;
				CODE_SIGN_STYLE = Automatic;
				DEVELOPMENT_TEAM = 8HRUM8AVGA;
				INFOPLIST_FILE = DNA/Info.plist;
				LD_RUNPATH_SEARCH_PATHS = (
					"$(inherited)",
					"@executable_path/Frameworks",
				);
				PRODUCT_BUNDLE_IDENTIFIER = com.janbannister.DNA;
				PRODUCT_NAME = "$(TARGET_NAME)";
				SWIFT_VERSION = 4.2;
				TARGETED_DEVICE_FAMILY = "1,2";
			};
			name = Debug;
		};
		4C6416E52156FDE100666091 /* Release */ = {
			isa = XCBuildConfiguration;
			buildSettings = {
				ASSETCATALOG_COMPILER_APPICON_NAME = AppIcon;
				CODE_SIGN_STYLE = Automatic;
				DEVELOPMENT_TEAM = 8HRUM8AVGA;
				INFOPLIST_FILE = DNA/Info.plist;
				LD_RUNPATH_SEARCH_PATHS = (
					"$(inherited)",
					"@executable_path/Frameworks",
				);
				PRODUCT_BUNDLE_IDENTIFIER = com.janbannister.DNA;
				PRODUCT_NAME = "$(TARGET_NAME)";
				SWIFT_VERSION = 4.2;
				TARGETED_DEVICE_FAMILY = "1,2";
			};
			name = Release;
		};
		4C6416E72156FDE100666091 /* Debug */ = {
			isa = XCBuildConfiguration;
			buildSettings = {
				ALWAYS_EMBED_SWIFT_STANDARD_LIBRARIES = YES;
				BUNDLE_LOADER = "$(TEST_HOST)";
				CODE_SIGN_STYLE = Automatic;
				DEVELOPMENT_TEAM = 8HRUM8AVGA;
				INFOPLIST_FILE = DNATests/Info.plist;
				LD_RUNPATH_SEARCH_PATHS = (
					"$(inherited)",
					"@executable_path/Frameworks",
					"@loader_path/Frameworks",
				);
				PRODUCT_BUNDLE_IDENTIFIER = com.janbannister.DNATests;
				PRODUCT_NAME = "$(TARGET_NAME)";
				SWIFT_VERSION = 4.2;
				TARGETED_DEVICE_FAMILY = "1,2";
				TEST_HOST = "$(BUILT_PRODUCTS_DIR)/DNA.app/DNA";
			};
			name = Debug;
		};
		4C6416E82156FDE100666091 /* Release */ = {
			isa = XCBuildConfiguration;
			buildSettings = {
				ALWAYS_EMBED_SWIFT_STANDARD_LIBRARIES = YES;
				BUNDLE_LOADER = "$(TEST_HOST)";
				CODE_SIGN_STYLE = Automatic;
				DEVELOPMENT_TEAM = 8HRUM8AVGA;
				INFOPLIST_FILE = DNATests/Info.plist;
				LD_RUNPATH_SEARCH_PATHS = (
					"$(inherited)",
					"@executable_path/Frameworks",
					"@loader_path/Frameworks",
				);
				PRODUCT_BUNDLE_IDENTIFIER = com.janbannister.DNATests;
				PRODUCT_NAME = "$(TARGET_NAME)";
				SWIFT_VERSION = 4.2;
				TARGETED_DEVICE_FAMILY = "1,2";
				TEST_HOST = "$(BUILT_PRODUCTS_DIR)/DNA.app/DNA";
			};
			name = Release;
		};
		4C6416EA2156FDE100666091 /* Debug */ = {
			isa = XCBuildConfiguration;
			buildSettings = {
				ALWAYS_EMBED_SWIFT_STANDARD_LIBRARIES = YES;
				CODE_SIGN_STYLE = Automatic;
				DEVELOPMENT_TEAM = 8HRUM8AVGA;
				INFOPLIST_FILE = DNAUITests/Info.plist;
				LD_RUNPATH_SEARCH_PATHS = (
					"$(inherited)",
					"@executable_path/Frameworks",
					"@loader_path/Frameworks",
				);
				PRODUCT_BUNDLE_IDENTIFIER = com.janbannister.DNAUITests;
				PRODUCT_NAME = "$(TARGET_NAME)";
				SWIFT_VERSION = 4.2;
				TARGETED_DEVICE_FAMILY = "1,2";
				TEST_TARGET_NAME = DNA;
			};
			name = Debug;
		};
		4C6416EB2156FDE100666091 /* Release */ = {
			isa = XCBuildConfiguration;
			buildSettings = {
				ALWAYS_EMBED_SWIFT_STANDARD_LIBRARIES = YES;
				CODE_SIGN_STYLE = Automatic;
				DEVELOPMENT_TEAM = 8HRUM8AVGA;
				INFOPLIST_FILE = DNAUITests/Info.plist;
				LD_RUNPATH_SEARCH_PATHS = (
					"$(inherited)",
					"@executable_path/Frameworks",
					"@loader_path/Frameworks",
				);
				PRODUCT_BUNDLE_IDENTIFIER = com.janbannister.DNAUITests;
				PRODUCT_NAME = "$(TARGET_NAME)";
				SWIFT_VERSION = 4.2;
				TARGETED_DEVICE_FAMILY = "1,2";
				TEST_TARGET_NAME = DNA;
			};
			name = Release;
		};
/* End XCBuildConfiguration section */

/* Begin XCConfigurationList section */
		4C6416B62156FDDD00666091 /* Build configuration list for PBXProject "DNA" */ = {
			isa = XCConfigurationList;
			buildConfigurations = (
				4C6416E12156FDE100666091 /* Debug */,
				4C6416E22156FDE100666091 /* Release */,
			);
			defaultConfigurationIsVisible = 0;
			defaultConfigurationName = Release;
		};
		4C6416E32156FDE100666091 /* Build configuration list for PBXNativeTarget "DNA" */ = {
			isa = XCConfigurationList;
			buildConfigurations = (
				4C6416E42156FDE100666091 /* Debug */,
				4C6416E52156FDE100666091 /* Release */,
			);
			defaultConfigurationIsVisible = 0;
			defaultConfigurationName = Release;
		};
		4C6416E62156FDE100666091 /* Build configuration list for PBXNativeTarget "DNATests" */ = {
			isa = XCConfigurationList;
			buildConfigurations = (
				4C6416E72156FDE100666091 /* Debug */,
				4C6416E82156FDE100666091 /* Release */,
			);
			defaultConfigurationIsVisible = 0;
			defaultConfigurationName = Release;
		};
		4C6416E92156FDE100666091 /* Build configuration list for PBXNativeTarget "DNAUITests" */ = {
			isa = XCConfigurationList;
			buildConfigurations = (
				4C6416EA2156FDE100666091 /* Debug */,
				4C6416EB2156FDE100666091 /* Release */,
			);
			defaultConfigurationIsVisible = 0;
			defaultConfigurationName = Release;
		};
/* End XCConfigurationList section */
	};
	rootObject = 4C6416B32156FDDD00666091 /* Project object */;
}
